github.com/lizongying/gooptimizer v0.0.0-20230825125035-855bd77decd3 h1:LJroxMkgLf3p5SeerLfFrggv/w3JKCf0y6kRTjAIoUs=
github.com/lizongying/gooptimizer v0.0.0-20230825125035-855bd77decd3/go.mod h1:BnXnAp+c+rxShQqzSHlH05KInoCp290fVOPomRjIbFQ=
github.com/lizongying/gooptimizer v1.0.2 h1:y3Wj5loP1RivhMV84Jc90lj1iO8MKQrWVq611g46JRY=
github.com/lizongying/gooptimizer v1.0.2/go.mod h1:BnXnAp+c+rxShQqzSHlH05KInoCp290fVOPomRjIbFQ=
